github.com/go-telegram-bot-api/telegram-bot-api/v5 v5.5.1 h1:5y8Xo/csS5y7IO3nUQ3UO5Vg/VuhCzmKApdIkgMGmAM=
github.com/go-telegram-bot-api/telegram-bot-api/v5 v5.5.1/go.mod h1:W0tYw+q2BS1cVcRgJjYMRpyOQ0wUVkBNz0Q+HWqGYYQ=
github.com/technoweenie/multipartstreamer v1.0.1 h1:XRztA5MXiR1TIRHxH2uNxXxaIkKQDeX7m2XsSOlQEnM=
github.com/technoweenie/multipartstreamer v1.0.1/go.mod h1:jNVxdtShOxzAsukZwTSw6MDx5eUJoiEBsSvzDU9uzog=
